// !$*UTF8*$!
{
	archiveVersion = 1;
	classes = {
	};
	objectVersion = 45;
	objects = {

/* Begin PBXBuildFile section */
		1D60589B0D05DD56006BFB54 /* main.m in Sources */ = {isa = PBXBuildFile; fileRef = 29B97316FDCFA39411CA2CEA /* main.m */; };
		1D60589F0D05DD5A006BFB54 /* Foundation.framework in Frameworks */ = {isa = PBXBuildFile; fileRef = 1D30AB110D05D00D00671497 /* Foundation.framework */; };
		1DF5F4E00D08C38300B7A737 /* UIKit.framework in Frameworks */ = {isa = PBXBuildFile; fileRef = 1DF5F4DF0D08C38300B7A737 /* UIKit.framework */; };
		288765080DF74369002DB57D /* CoreGraphics.framework in Frameworks */ = {isa = PBXBuildFile; fileRef = 288765070DF74369002DB57D /* CoreGraphics.framework */; };
		40FDE095107D13FB00DBD4D4 /* FormViewController.m in Sources */ = {isa = PBXBuildFile; fileRef = 40FDE091107D13FB00DBD4D4 /* FormViewController.m */; };
		40FDE0C6107D142E00DBD4D4 /* Cars.plist in Resources */ = {isa = PBXBuildFile; fileRef = 40FDE0C0107D142E00DBD4D4 /* Cars.plist */; };
		40FDE0C7107D142E00DBD4D4 /* MainWindow.xib in Resources */ = {isa = PBXBuildFile; fileRef = 40FDE0C2107D142E00DBD4D4 /* MainWindow.xib */; };
		40FDE0C8107D142E00DBD4D4 /* States.plist in Resources */ = {isa = PBXBuildFile; fileRef = 40FDE0C4107D142E00DBD4D4 /* States.plist */; };
		40FDE0E0107D14B300DBD4D4 /* NWPickerField.m in Sources */ = {isa = PBXBuildFile; fileRef = 40FDE0DF107D14B300DBD4D4 /* NWPickerField.m */; };
		40FDE0E3107D14BA00DBD4D4 /* NWPickerView.m in Sources */ = {isa = PBXBuildFile; fileRef = 40FDE0E2107D14BA00DBD4D4 /* NWPickerView.m */; };
		40FDE0E6107D14C500DBD4D4 /* NSString+NSArrayExtension.m in Sources */ = {isa = PBXBuildFile; fileRef = 40FDE0E5107D14C500DBD4D4 /* NSString+NSArrayExtension.m */; };
		40FDE0E8107D14CC00DBD4D4 /* downArrow.png in Resources */ = {isa = PBXBuildFile; fileRef = 40FDE0E7107D14CC00DBD4D4 /* downArrow.png */; };
		40FDE0FC107D15BF00DBD4D4 /* PickerTestAppDelegate.m in Sources */ = {isa = PBXBuildFile; fileRef = 40FDE0FB107D15BF00DBD4D4 /* PickerTestAppDelegate.m */; };
/* End PBXBuildFile section */

/* Begin PBXFileReference section */
		1D30AB110D05D00D00671497 /* Foundation.framework */ = {isa = PBXFileReference; lastKnownFileType = wrapper.framework; name = Foundation.framework; path = System/Library/Frameworks/Foundation.framework; sourceTree = SDKROOT; };
		1D6058910D05DD3D006BFB54 /* PickerTest.app */ = {isa = PBXFileReference; explicitFileType = wrapper.application; includeInIndex = 0; path = PickerTest.app; sourceTree = BUILT_PRODUCTS_DIR; };
		1DF5F4DF0D08C38300B7A737 /* UIKit.framework */ = {isa = PBXFileReference; lastKnownFileType = wrapper.framework; name = UIKit.framework; path = System/Library/Frameworks/UIKit.framework; sourceTree = SDKROOT; };
		288765070DF74369002DB57D /* CoreGraphics.framework */ = {isa = PBXFileReference; lastKnownFileType = wrapper.framework; name = CoreGraphics.framework; path = System/Library/Frameworks/CoreGraphics.framework; sourceTree = SDKROOT; };
		28A0AB4B0D9B1048005BE974 /* PickerTest_Prefix.pch */ = {isa = PBXFileReference; fileEncoding = 4; lastKnownFileType = sourcecode.c.h; path = PickerTest_Prefix.pch; sourceTree = "<group>"; };
		29B97316FDCFA39411CA2CEA /* main.m */ = {isa = PBXFileReference; fileEncoding = 4; lastKnownFileType = sourcecode.c.objc; path = main.m; sourceTree = "<group>"; };
		40FDE090107D13FB00DBD4D4 /* FormViewController.h */ = {isa = PBXFileReference; fileEncoding = 4; lastKnownFileType = sourcecode.c.h; path = FormViewController.h; sourceTree = SOURCE_ROOT; };
		40FDE091107D13FB00DBD4D4 /* FormViewController.m */ = {isa = PBXFileReference; fileEncoding = 4; lastKnownFileType = sourcecode.c.objc; path = FormViewController.m; sourceTree = SOURCE_ROOT; };
		40FDE094107D13FB00DBD4D4 /* PickerTest-Info.plist */ = {isa = PBXFileReference; fileEncoding = 4; lastKnownFileType = text.plist.xml; path = "PickerTest-Info.plist"; sourceTree = "<group>"; };
		40FDE0C1107D142E00DBD4D4 /* English */ = {isa = PBXFileReference; fileEncoding = 4; lastKnownFileType = text.plist.xml; name = English; path = English.lproj/Cars.plist; sourceTree = "<group>"; };
		40FDE0C3107D142E00DBD4D4 /* English */ = {isa = PBXFileReference; lastKnownFileType = file.xib; name = English; path = English.lproj/MainWindow.xib; sourceTree = "<group>"; };
		40FDE0C5107D142E00DBD4D4 /* English */ = {isa = PBXFileReference; fileEncoding = 4; lastKnownFileType = text.plist.xml; name = English; path = English.lproj/States.plist; sourceTree = "<group>"; };
		40FDE0DE107D14B300DBD4D4 /* NWPickerField.h */ = {isa = PBXFileReference; fileEncoding = 4; lastKnownFileType = sourcecode.c.h; name = NWPickerField.h; path = ../Source/NWPickerField.h; sourceTree = SOURCE_ROOT; };
		40FDE0DF107D14B300DBD4D4 /* NWPickerField.m */ = {isa = PBXFileReference; fileEncoding = 4; lastKnownFileType = sourcecode.c.objc; name = NWPickerField.m; path = ../Source/NWPickerField.m; sourceTree = SOURCE_ROOT; };
		40FDE0E1107D14BA00DBD4D4 /* NWPickerView.h */ = {isa = PBXFileReference; fileEncoding = 4; lastKnownFileType = sourcecode.c.h; name = NWPickerView.h; path = ../Source/NWPickerView.h; sourceTree = SOURCE_ROOT; };
		40FDE0E2107D14BA00DBD4D4 /* NWPickerView.m */ = {isa = PBXFileReference; fileEncoding = 4; lastKnownFileType = sourcecode.c.objc; name = NWPickerView.m; path = ../Source/NWPickerView.m; sourceTree = SOURCE_ROOT; };
		40FDE0E4107D14C500DBD4D4 /* NSString+NSArrayExtension.h */ = {isa = PBXFileReference; fileEncoding = 4; lastKnownFileType = sourcecode.c.h; name = "NSString+NSArrayExtension.h"; path = "../Source/NSString+NSArrayExtension.h"; sourceTree = SOURCE_ROOT; };
		40FDE0E5107D14C500DBD4D4 /* NSString+NSArrayExtension.m */ = {isa = PBXFileReference; fileEncoding = 4; lastKnownFileType = sourcecode.c.objc; name = "NSString+NSArrayExtension.m"; path = "../Source/NSString+NSArrayExtension.m"; sourceTree = SOURCE_ROOT; };
		40FDE0E7107D14CC00DBD4D4 /* downArrow.png */ = {isa = PBXFileReference; lastKnownFileType = image.png; name = downArrow.png; path = ../Source/downArrow.png; sourceTree = SOURCE_ROOT; };
		40FDE0FA107D15BF00DBD4D4 /* PickerTestAppDelegate.h */ = {isa = PBXFileReference; fileEncoding = 4; lastKnownFileType = sourcecode.c.h; path = PickerTestAppDelegate.h; sourceTree = SOURCE_ROOT; };
		40FDE0FB107D15BF00DBD4D4 /* PickerTestAppDelegate.m */ = {isa = PBXFileReference; fileEncoding = 4; lastKnownFileType = sourcecode.c.objc; path = PickerTestAppDelegate.m; sourceTree = SOURCE_ROOT; };
		40FDE12B107D3B9400DBD4D4 /* License */ = {isa = PBXFileReference; fileEncoding = 4; lastKnownFileType = text; name = License; path = ../License; sourceTree = SOURCE_ROOT; };
/* End PBXFileReference section */

/* Begin PBXFrameworksBuildPhase section */
		1D60588F0D05DD3D006BFB54 /* Frameworks */ = {
			isa = PBXFrameworksBuildPhase;
			buildActionMask = 2147483647;
			files = (
				1D60589F0D05DD5A006BFB54 /* Foundation.framework in Frameworks */,
				1DF5F4E00D08C38300B7A737 /* UIKit.framework in Frameworks */,
				288765080DF74369002DB57D /* CoreGraphics.framework in Frameworks */,
			);
			runOnlyForDeploymentPostprocessing = 0;
		};
/* End PBXFrameworksBuildPhase section */

/* Begin PBXGroup section */
		080E96DDFE201D6D7F000001 /* PickerTest */ = {
			isa = PBXGroup;
			children = (
				40FDE0FA107D15BF00DBD4D4 /* PickerTestAppDelegate.h */,
				40FDE0FB107D15BF00DBD4D4 /* PickerTestAppDelegate.m */,
				40FDE090107D13FB00DBD4D4 /* FormViewController.h */,
				40FDE091107D13FB00DBD4D4 /* FormViewController.m */,
			);
			name = PickerTest;
			sourceTree = "<group>";
		};
		19C28FACFE9D520D11CA2CBB /* Products */ = {
			isa = PBXGroup;
			children = (
				1D6058910D05DD3D006BFB54 /* PickerTest.app */,
			);
			name = Products;
			sourceTree = "<group>";
		};
		29B97314FDCFA39411CA2CEA /* PickerTest */ = {
			isa = PBXGroup;
			children = (
				40FDE12B107D3B9400DBD4D4 /* License */,
				40FDE0DA107D149E00DBD4D4 /* NWFieldPicker */,
				080E96DDFE201D6D7F000001 /* PickerTest */,
				29B97315FDCFA39411CA2CEA /* Other Sources */,
				29B97317FDCFA39411CA2CEA /* Resources */,
				40FDE094107D13FB00DBD4D4 /* PickerTest-Info.plist */,
				29B97323FDCFA39411CA2CEA /* Frameworks */,
				19C28FACFE9D520D11CA2CBB /* Products */,
			);
			name = PickerTest;
			sourceTree = "<group>";
		};
		29B97315FDCFA39411CA2CEA /* Other Sources */ = {
			isa = PBXGroup;
			children = (
				28A0AB4B0D9B1048005BE974 /* PickerTest_Prefix.pch */,
				29B97316FDCFA39411CA2CEA /* main.m */,
			);
			name = "Other Sources";
			sourceTree = "<group>";
		};
		29B97317FDCFA39411CA2CEA /* Resources */ = {
			isa = PBXGroup;
			children = (
				40FDE0C0107D142E00DBD4D4 /* Cars.plist */,
				40FDE0C2107D142E00DBD4D4 /* MainWindow.xib */,
				40FDE0C4107D142E00DBD4D4 /* States.plist */,
			);
			name = Resources;
			sourceTree = "<group>";
		};
		29B97323FDCFA39411CA2CEA /* Frameworks */ = {
			isa = PBXGroup;
			children = (
				1DF5F4DF0D08C38300B7A737 /* UIKit.framework */,
				1D30AB110D05D00D00671497 /* Foundation.framework */,
				288765070DF74369002DB57D /* CoreGraphics.framework */,
			);
			name = Frameworks;
			sourceTree = "<group>";
		};
		40FDE0DA107D149E00DBD4D4 /* NWFieldPicker */ = {
			isa = PBXGroup;
			children = (
				40FDE0E7107D14CC00DBD4D4 /* downArrow.png */,
				40FDE0E4107D14C500DBD4D4 /* NSString+NSArrayExtension.h */,
				40FDE0E5107D14C500DBD4D4 /* NSString+NSArrayExtension.m */,
				40FDE0E1107D14BA00DBD4D4 /* NWPickerView.h */,
				40FDE0E2107D14BA00DBD4D4 /* NWPickerView.m */,
				40FDE0DE107D14B300DBD4D4 /* NWPickerField.h */,
				40FDE0DF107D14B300DBD4D4 /* NWPickerField.m */,
			);
			name = NWFieldPicker;
			sourceTree = "<group>";
		};
/* End PBXGroup section */

/* Begin PBXNativeTarget section */
		1D6058900D05DD3D006BFB54 /* PickerTest */ = {
			isa = PBXNativeTarget;
			buildConfigurationList = 1D6058960D05DD3E006BFB54 /* Build configuration list for PBXNativeTarget "PickerTest" */;
			buildPhases = (
				1D60588D0D05DD3D006BFB54 /* Resources */,
				1D60588E0D05DD3D006BFB54 /* Sources */,
				1D60588F0D05DD3D006BFB54 /* Frameworks */,
			);
			buildRules = (
			);
			dependencies = (
			);
			name = PickerTest;
			productName = PickerTest;
			productReference = 1D6058910D05DD3D006BFB54 /* PickerTest.app */;
			productType = "com.apple.product-type.application";
		};
/* End PBXNativeTarget section */

/* Begin PBXProject section */
		29B97313FDCFA39411CA2CEA /* Project object */ = {
			isa = PBXProject;
			buildConfigurationList = C01FCF4E08A954540054247B /* Build configuration list for PBXProject "PickerTest" */;
			compatibilityVersion = "Xcode 3.1";
			hasScannedForEncodings = 1;
			mainGroup = 29B97314FDCFA39411CA2CEA /* PickerTest */;
			projectDirPath = "";
			projectRoot = "";
			targets = (
				1D6058900D05DD3D006BFB54 /* PickerTest */,
			);
		};
/* End PBXProject section */

/* Begin PBXResourcesBuildPhase section */
		1D60588D0D05DD3D006BFB54 /* Resources */ = {
			isa = PBXResourcesBuildPhase;
			buildActionMask = 2147483647;
			files = (
				40FDE0C6107D142E00DBD4D4 /* Cars.plist in Resources */,
				40FDE0C7107D142E00DBD4D4 /* MainWindow.xib in Resources */,
				40FDE0C8107D142E00DBD4D4 /* States.plist in Resources */,
				40FDE0E8107D14CC00DBD4D4 /* downArrow.png in Resources */,
			);
			runOnlyForDeploymentPostprocessing = 0;
		};
/* End PBXResourcesBuildPhase section */

/* Begin PBXSourcesBuildPhase section */
		1D60588E0D05DD3D006BFB54 /* Sources */ = {
			isa = PBXSourcesBuildPhase;
			buildActionMask = 2147483647;
			files = (
				1D60589B0D05DD56006BFB54 /* main.m in Sources */,
				40FDE095107D13FB00DBD4D4 /* FormViewController.m in Sources */,
				40FDE0E0107D14B300DBD4D4 /* NWPickerField.m in Sources */,
				40FDE0E3107D14BA00DBD4D4 /* NWPickerView.m in Sources */,
				40FDE0E6107D14C500DBD4D4 /* NSString+NSArrayExtension.m in Sources */,
				40FDE0FC107D15BF00DBD4D4 /* PickerTestAppDelegate.m in Sources */,
			);
			runOnlyForDeploymentPostprocessing = 0;
		};
/* End PBXSourcesBuildPhase section */

/* Begin PBXVariantGroup section */
		40FDE0C0107D142E00DBD4D4 /* Cars.plist */ = {
			isa = PBXVariantGroup;
			children = (
				40FDE0C1107D142E00DBD4D4 /* English */,
			);
			name = Cars.plist;
			sourceTree = "<group>";
		};
		40FDE0C2107D142E00DBD4D4 /* MainWindow.xib */ = {
			isa = PBXVariantGroup;
			children = (
				40FDE0C3107D142E00DBD4D4 /* English */,
			);
			name = MainWindow.xib;
			sourceTree = "<group>";
		};
		40FDE0C4107D142E00DBD4D4 /* States.plist */ = {
			isa = PBXVariantGroup;
			children = (
				40FDE0C5107D142E00DBD4D4 /* English */,
			);
			name = States.plist;
			sourceTree = "<group>";
		};
/* End PBXVariantGroup section */

/* Begin XCBuildConfiguration section */
		1D6058940D05DD3E006BFB54 /* Debug */ = {
			isa = XCBuildConfiguration;
			buildSettings = {
				ALWAYS_SEARCH_USER_PATHS = NO;
				COPY_PHASE_STRIP = NO;
				GCC_DYNAMIC_NO_PIC = NO;
				GCC_OPTIMIZATION_LEVEL = 0;
				GCC_PRECOMPILE_PREFIX_HEADER = YES;
				GCC_PREFIX_HEADER = PickerTest_Prefix.pch;
				INFOPLIST_FILE = "PickerTest-Info.plist";
				PRODUCT_NAME = PickerTest;
			};
			name = Debug;
		};
		1D6058950D05DD3E006BFB54 /* Release */ = {
			isa = XCBuildConfiguration;
			buildSettings = {
				ALWAYS_SEARCH_USER_PATHS = NO;
				COPY_PHASE_STRIP = YES;
				GCC_PRECOMPILE_PREFIX_HEADER = YES;
				GCC_PREFIX_HEADER = PickerTest_Prefix.pch;
				INFOPLIST_FILE = "PickerTest-Info.plist";
				PRODUCT_NAME = PickerTest;
			};
			name = Release;
		};
		C01FCF4F08A954540054247B /* Debug */ = {
			isa = XCBuildConfiguration;
			buildSettings = {
				ARCHS = "$(ARCHS_STANDARD_32_BIT)";
				"CODE_SIGN_IDENTITY[sdk=iphoneos*]" = "iPhone Developer";
				GCC_C_LANGUAGE_STANDARD = c99;
				GCC_WARN_ABOUT_RETURN_TYPE = YES;
				GCC_WARN_UNUSED_VARIABLE = YES;
				PREBINDING = NO;
				SDKROOT = iphoneos3.1;
			};
			name = Debug;
		};
		C01FCF5008A954540054247B /* Release */ = {
			isa = XCBuildConfiguration;
			buildSettings = {
				ARCHS = "$(ARCHS_STANDARD_32_BIT)";
				"CODE_SIGN_IDENTITY[sdk=iphoneos*]" = "iPhone Developer";
				GCC_C_LANGUAGE_STANDARD = c99;
				GCC_WARN_ABOUT_RETURN_TYPE = YES;
				GCC_WARN_UNUSED_VARIABLE = YES;
				PREBINDING = NO;
				SDKROOT = iphoneos3.1;
			};
			name = Release;
		};
/* End XCBuildConfiguration section */

/* Begin XCConfigurationList section */
		1D6058960D05DD3E006BFB54 /* Build configuration list for PBXNativeTarget "PickerTest" */ = {
			isa = XCConfigurationList;
			buildConfigurations = (
				1D6058940D05DD3E006BFB54 /* Debug */,
				1D6058950D05DD3E006BFB54 /* Release */,
			);
			defaultConfigurationIsVisible = 0;
			defaultConfigurationName = Release;
		};
		C01FCF4E08A954540054247B /* Build configuration list for PBXProject "PickerTest" */ = {
			isa = XCConfigurationList;
			buildConfigurations = (
				C01FCF4F08A954540054247B /* Debug */,
				C01FCF5008A954540054247B /* Release */,
			);
			defaultConfigurationIsVisible = 0;
			defaultConfigurationName = Release;
		};
/* End XCConfigurationList section */
	};
	rootObject = 29B97313FDCFA39411CA2CEA /* Project object */;
}
